
Microsoft Visual Studio Solution File, Format Version 12.00
# Visual Studio Version 17
VisualStudioVersion = 17.7.34031.279
MinimumVisualStudioVersion = 10.0.40219.1
Project("{FAE04EC0-301F-11D3-BF4B-00C04F79EFBC}") = "DynamoStudentManager", "DynamoStudentManager\DynamoStudentManager.csproj", "{C0C72F11-79A1-4335-89AA-0B7B241F2445}"
EndProject
Global
	GlobalSection(SolutionConfigurationPlatforms) = preSolution
		Debug|Any CPU = Debug|Any CPU
		Release|Any CPU = Release|Any CPU
	EndGlobalSection
	GlobalSection(ProjectConfigurationPlatforms) = postSolution
		{C0C72F11-79A1-4335-89AA-0B7B241F2445}.Debug|Any CPU.ActiveCfg = Debug|Any CPU
		{C0C72F11-79A1-4335-89AA-0B7B241F2445}.Debug|Any CPU.Build.0 = Debug|Any CPU
		{C0C72F11-79A1-4335-89AA-0B7B241F2445}.Release|Any CPU.ActiveCfg = Release|Any CPU
		{C0C72F11-79A1-4335-89AA-0B7B241F2445}.Release|Any CPU.Build.0 = Release|Any CPU
	EndGlobalSection
	GlobalSection(SolutionProperties) = preSolution
		HideSolutionNode = FALSE
	EndGlobalSection
	GlobalSection(ExtensibilityGlobals) = postSolution
		SolutionGuid = {970F2F66-7164-47F7-B09C-BC4CA6BA21D1}
	EndGlobalSection
EndGlobal
